
Microsoft Visual Studio Solution File, Format Version 12.00
# Visual Studio Version 18
VisualStudioVersion = 18.5.11723.231 stable
MinimumVisualStudioVersion = 10.0.40219.1
Project("{FAE04EC0-301F-11D3-BF4B-00C04F79EFBC}") = "otelturizm", "otelturizm.csproj", "{73DDE98F-248C-2EE3-5345-73111022B79C}"
EndProject
Global
	GlobalSection(SolutionConfigurationPlatforms) = preSolution
		Debug|Any CPU = Debug|Any CPU
		Release|Any CPU = Release|Any CPU
	EndGlobalSection
	GlobalSection(ProjectConfigurationPlatforms) = postSolution
		{73DDE98F-248C-2EE3-5345-73111022B79C}.Debug|Any CPU.ActiveCfg = Debug|Any CPU
		{73DDE98F-248C-2EE3-5345-73111022B79C}.Debug|Any CPU.Build.0 = Debug|Any CPU
		{73DDE98F-248C-2EE3-5345-73111022B79C}.Release|Any CPU.ActiveCfg = Release|Any CPU
		{73DDE98F-248C-2EE3-5345-73111022B79C}.Release|Any CPU.Build.0 = Release|Any CPU
	EndGlobalSection
	GlobalSection(SolutionProperties) = preSolution
		HideSolutionNode = FALSE
	EndGlobalSection
	GlobalSection(ExtensibilityGlobals) = postSolution
		SolutionGuid = {9EC5C94B-FA00-4DED-8BB4-0E8B82677930}
	EndGlobalSection
EndGlobal
